PODS:
  - Kingfisher (7.1.1)
  - youtube-ios-player-helper (1.0.4)

DEPENDENCIES:
  - Kingfisher
  - youtube-ios-player-helper

SPEC REPOS:
  trunk:
    - Kingfisher
    - youtube-ios-player-helper

SPEC CHECKSUMS:
  Kingfisher: f738f9c4a3415823b8e2985d10aa2d6a9f37bc4d
  youtube-ios-player-helper: e9b97535e816db3152179d84d999bc1807ecd689

PODFILE CHECKSUM: ff91c6b92c956b216fbd5983080d5a1f641f8094

COCOAPODS: 1.11.2
